// !$*UTF8*$!
{
	archiveVersion = 1;
	classes = {
	};
	objectVersion = 77;
	objects = {

/* Begin PBXContainerItemProxy section */
		AA717C8D2F31A3CB002D041E /* PBXContainerItemProxy */ = {
			isa = PBXContainerItemProxy;
			containerPortal = AA717C6B2F31A3C8002D041E /* Project object */;
			proxyType = 1;
			remoteGlobalIDString = AA717C722F31A3C9002D041E;
			remoteInfo = InventoryDifferent;
		};
		AA717C972F31A3CB002D041E /* PBXContainerItemProxy */ = {
			isa = PBXContainerItemProxy;
			containerPortal = AA717C6B2F31A3C8002D041E /* Project object */;
			proxyType = 1;
			remoteGlobalIDString = AA717C722F31A3C9002D041E;
			remoteInfo = InventoryDifferent;
		};
/* End PBXContainerItemProxy section */

/* Begin PBXFileReference section */
		AA717C732F31A3C9002D041E /* InventoryDifferent.app */ = {isa = PBXFileReference; explicitFileType = wrapper.application; includeInIndex = 0; path = InventoryDifferent.app; sourceTree = BUILT_PRODUCTS_DIR; };
		AA717C8C2F31A3CB002D041E /* InventoryDifferentTests.xctest */ = {isa = PBXFileReference; explicitFileType = wrapper.cfbundle; includeInIndex = 0; path = InventoryDifferentTests.xctest; sourceTree = BUILT_PRODUCTS_DIR; };
		AA717C962F31A3CB002D041E /* InventoryDifferentUITests.xctest */ = {isa = PBXFileReference; explicitFileType = wrapper.cfbundle; includeInIndex = 0; path = InventoryDifferentUITests.xctest; sourceTree = BUILT_PRODUCTS_DIR; };
/* End PBXFileReference section */

/* Begin PBXFileSystemSynchronizedBuildFileExceptionSet section */
		AA717C9E2F31A3CB002D041E /* Exceptions for "InventoryDifferent" folder in "InventoryDifferent" target */ = {
			isa = PBXFileSystemSynchronizedBuildFileExceptionSet;
			membershipExceptions = (
				Info.plist,
			);
			target = AA717C722F31A3C9002D041E /* InventoryDifferent */;
		};
		AAA778A22F426AE900BFE676 /* Exceptions for "InventoryDifferent" folder in "InventoryDifferentTests" target */ = {
			isa = PBXFileSystemSynchronizedBuildFileExceptionSet;
			membershipExceptions = (
				"Fonts/EBGaramond-Bold.ttf",
				"Fonts/EBGaramond-BoldItalic.ttf",
				"Fonts/EBGaramond-ExtraBold.ttf",
				"Fonts/EBGaramond-ExtraBoldItalic.ttf",
				"Fonts/EBGaramond-Italic.ttf",
				"Fonts/EBGaramond-Medium.ttf",
				"Fonts/EBGaramond-MediumItalic.ttf",
				"Fonts/EBGaramond-Regular.ttf",
				"Fonts/EBGaramond-SemiBold.ttf",
				"Fonts/EBGaramond-SemiBoldItalic.ttf",
				Fonts/EBGaramond.ttf,
			);
			target = AA717C8B2F31A3CB002D041E /* InventoryDifferentTests */;
		};
		AAA778A32F426AE900BFE676 /* Exceptions for "InventoryDifferent" folder in "InventoryDifferentUITests" target */ = {
			isa = PBXFileSystemSynchronizedBuildFileExceptionSet;
			membershipExceptions = (
				"Fonts/EBGaramond-Bold.ttf",
				"Fonts/EBGaramond-BoldItalic.ttf",
				"Fonts/EBGaramond-ExtraBold.ttf",
				"Fonts/EBGaramond-ExtraBoldItalic.ttf",
				"Fonts/EBGaramond-Italic.ttf",
				"Fonts/EBGaramond-Medium.ttf",
				"Fonts/EBGaramond-MediumItalic.ttf",
				"Fonts/EBGaramond-Regular.ttf",
				"Fonts/EBGaramond-SemiBold.ttf",
				"Fonts/EBGaramond-SemiBoldItalic.ttf",
				Fonts/EBGaramond.ttf,
			);
			target = AA717C952F31A3CB002D041E /* InventoryDifferentUITests */;
		};
/* End PBXFileSystemSynchronizedBuildFileExceptionSet section */

/* Begin PBXFileSystemSynchronizedRootGroup section */
		AA717C752F31A3C9002D041E /* InventoryDifferent */ = {
			isa = PBXFileSystemSynchronizedRootGroup;
			exceptions = (
				AA717C9E2F31A3CB002D041E /* Exceptions for "InventoryDifferent" folder in "InventoryDifferent" target */,
				AAA778A22F426AE900BFE676 /* Exceptions for "InventoryDifferent" folder in "InventoryDifferentTests" target */,
				AAA778A32F426AE900BFE676 /* Exceptions for "InventoryDifferent" folder in "InventoryDifferentUITests" target */,
			);
			path = InventoryDifferent;
			sourceTree = "<group>";
		};
		AA717C8F2F31A3CB002D041E /* InventoryDifferentTests */ = {
			isa = PBXFileSystemSynchronizedRootGroup;
			path = InventoryDifferentTests;
			sourceTree = "<group>";
		};
		AA717C992F31A3CB002D041E /* InventoryDifferentUITests */ = {
			isa = PBXFileSystemSynchronizedRootGroup;
			path = InventoryDifferentUITests;
			sourceTree = "<group>";
		};
/* End PBXFileSystemSynchronizedRootGroup section */

/* Begin PBXFrameworksBuildPhase section */
		AA717C702F31A3C9002D041E /* Frameworks */ = {
			isa = PBXFrameworksBuildPhase;
			buildActionMask = 2147483647;
			files = (
			);
			runOnlyForDeploymentPostprocessing = 0;
		};
		AA717C892F31A3CB002D041E /* Frameworks */ = {
			isa = PBXFrameworksBuildPhase;
			buildActionMask = 2147483647;
			files = (
			);
			runOnlyForDeploymentPostprocessing = 0;
		};
		AA717C932F31A3CB002D041E /* Frameworks */ = {
			isa = PBXFrameworksBuildPhase;
			buildActionMask = 2147483647;
			files = (
			);
			runOnlyForDeploymentPostprocessing = 0;
		};
/* End PBXFrameworksBuildPhase section */

/* Begin PBXGroup section */
		AA717C6A2F31A3C8002D041E = {
			isa = PBXGroup;
			children = (
				AA717C752F31A3C9002D041E /* InventoryDifferent */,
				AA717C8F2F31A3CB002D041E /* InventoryDifferentTests */,
				AA717C992F31A3CB002D041E /* InventoryDifferentUITests */,
				AA717C742F31A3C9002D041E /* Products */,
			);
			sourceTree = "<group>";
		};
		AA717C742F31A3C9002D041E /* Products */ = {
			isa = PBXGroup;
			children = (
				AA717C732F31A3C9002D041E /* InventoryDifferent.app */,
				AA717C8C2F31A3CB002D041E /* InventoryDifferentTests.xctest */,
				AA717C962F31A3CB002D041E /* InventoryDifferentUITests.xctest */,
			);
			name = Products;
			sourceTree = "<group>";
		};
/* End PBXGroup section */

/* Begin PBXNativeTarget section */
		AA717C722F31A3C9002D041E /* InventoryDifferent */ = {
			isa = PBXNativeTarget;
			buildConfigurationList = AA717C9F2F31A3CB002D041E /* Build configuration list for PBXNativeTarget "InventoryDifferent" */;
			buildPhases = (
				AA717C6F2F31A3C9002D041E /* Sources */,
				AA717C702F31A3C9002D041E /* Frameworks */,
				AA717C712F31A3C9002D041E /* Resources */,
			);
			buildRules = (
			);
			dependencies = (
			);
			fileSystemSynchronizedGroups = (
				AA717C752F31A3C9002D041E /* InventoryDifferent */,
			);
			name = InventoryDifferent;
			packageProductDependencies = (
			);
			productName = InventoryDifferent;
			productReference = AA717C732F31A3C9002D041E /* InventoryDifferent.app */;
			productType = "com.apple.product-type.application";
		};
		AA717C8B2F31A3CB002D041E /* InventoryDifferentTests */ = {
			isa = PBXNativeTarget;
			buildConfigurationList = AA717CA42F31A3CB002D041E /* Build configuration list for PBXNativeTarget "InventoryDifferentTests" */;
			buildPhases = (
				AA717C882F31A3CB002D041E /* Sources */,
				AA717C892F31A3CB002D041E /* Frameworks */,
				AA717C8A2F31A3CB002D041E /* Resources */,
			);
			buildRules = (
			);
			dependencies = (
				AA717C8E2F31A3CB002D041E /* PBXTargetDependency */,
			);
			fileSystemSynchronizedGroups = (
				AA717C8F2F31A3CB002D041E /* InventoryDifferentTests */,
			);
			name = InventoryDifferentTests;
			packageProductDependencies = (
			);
			productName = InventoryDifferentTests;
			productReference = AA717C8C2F31A3CB002D041E /* InventoryDifferentTests.xctest */;
			productType = "com.apple.product-type.bundle.unit-test";
		};
		AA717C952F31A3CB002D041E /* InventoryDifferentUITests */ = {
			isa = PBXNativeTarget;
			buildConfigurationList = AA717CA72F31A3CB002D041E /* Build configuration list for PBXNativeTarget "InventoryDifferentUITests" */;
			buildPhases = (
				AA717C922F31A3CB002D041E /* Sources */,
				AA717C932F31A3CB002D041E /* Frameworks */,
				AA717C942F31A3CB002D041E /* Resources */,
			);
			buildRules = (
			);
			dependencies = (
				AA717C982F31A3CB002D041E /* PBXTargetDependency */,
			);
			fileSystemSynchronizedGroups = (
				AA717C992F31A3CB002D041E /* InventoryDifferentUITests */,
			);
			name = InventoryDifferentUITests;
			packageProductDependencies = (
			);
			productName = InventoryDifferentUITests;
			productReference = AA717C962F31A3CB002D041E /* InventoryDifferentUITests.xctest */;
			productType = "com.apple.product-type.bundle.ui-testing";
		};
/* End PBXNativeTarget section */

/* Begin PBXProject section */
		AA717C6B2F31A3C8002D041E /* Project object */ = {
			isa = PBXProject;
			attributes = {
				BuildIndependentTargetsInParallel = 1;
				LastSwiftUpdateCheck = 2620;
				LastUpgradeCheck = 2620;
				TargetAttributes = {
					AA717C722F31A3C9002D041E = {
						CreatedOnToolsVersion = 26.2;
					};
					AA717C8B2F31A3CB002D041E = {
						CreatedOnToolsVersion = 26.2;
						TestTargetID = AA717C722F31A3C9002D041E;
					};
					AA717C952F31A3CB002D041E = {
						CreatedOnToolsVersion = 26.2;
						TestTargetID = AA717C722F31A3C9002D041E;
					};
				};
			};
			buildConfigurationList = AA717C6E2F31A3C9002D041E /* Build configuration list for PBXProject "InventoryDifferent" */;
			developmentRegion = en;
			hasScannedForEncodings = 0;
			knownRegions = (
				en,
				Base,
			);
			mainGroup = AA717C6A2F31A3C8002D041E;
			minimizedProjectReferenceProxies = 1;
			preferredProjectObjectVersion = 77;
			productRefGroup = AA717C742F31A3C9002D041E /* Products */;
			projectDirPath = "";
			projectRoot = "";
			targets = (
				AA717C722F31A3C9002D041E /* InventoryDifferent */,
				AA717C8B2F31A3CB002D041E /* InventoryDifferentTests */,
				AA717C952F31A3CB002D041E /* InventoryDifferentUITests */,
			);
		};
/* End PBXProject section */

/* Begin PBXResourcesBuildPhase section */
		AA717C712F31A3C9002D041E /* Resources */ = {
			isa = PBXResourcesBuildPhase;
			buildActionMask = 2147483647;
			files = (
			);
			runOnlyForDeploymentPostprocessing = 0;
		};
		AA717C8A2F31A3CB002D041E /* Resources */ = {
			isa = PBXResourcesBuildPhase;
			buildActionMask = 2147483647;
			files = (
			);
			runOnlyForDeploymentPostprocessing = 0;
		};
		AA717C942F31A3CB002D041E /* Resources */ = {
			isa = PBXResourcesBuildPhase;
			buildActionMask = 2147483647;
			files = (
			);
			runOnlyForDeploymentPostprocessing = 0;
		};
/* End PBXResourcesBuildPhase section */

/* Begin PBXSourcesBuildPhase section */
		AA717C6F2F31A3C9002D041E /* Sources */ = {
			isa = PBXSourcesBuildPhase;
			buildActionMask = 2147483647;
			files = (
			);
			runOnlyForDeploymentPostprocessing = 0;
		};
		AA717C882F31A3CB002D041E /* Sources */ = {
			isa = PBXSourcesBuildPhase;
			buildActionMask = 2147483647;
			files = (
			);
			runOnlyForDeploymentPostprocessing = 0;
		};
		AA717C922F31A3CB002D041E /* Sources */ = {
			isa = PBXSourcesBuildPhase;
			buildActionMask = 2147483647;
			files = (
			);
			runOnlyForDeploymentPostprocessing = 0;
		};
/* End PBXSourcesBuildPhase section */

/* Begin PBXTargetDependency section */
		AA717C8E2F31A3CB002D041E /* PBXTargetDependency */ = {
			isa = PBXTargetDependency;
			target = AA717C722F31A3C9002D041E /* InventoryDifferent */;
			targetProxy = AA717C8D2F31A3CB002D041E /* PBXContainerItemProxy */;
		};
		AA717C982F31A3CB002D041E /* PBXTargetDependency */ = {
			isa = PBXTargetDependency;
			target = AA717C722F31A3C9002D041E /* InventoryDifferent */;
			targetProxy = AA717C972F31A3CB002D041E /* PBXContainerItemProxy */;
		};
/* End PBXTargetDependency section */

/* Begin XCBuildConfiguration section */
		AA717CA02F31A3CB002D041E /* Debug */ = {
			isa = XCBuildConfiguration;
			buildSettings = {
				ASSETCATALOG_COMPILER_APPICON_NAME = AppIcon;
				ASSETCATALOG_COMPILER_GLOBAL_ACCENT_COLOR_NAME = AccentColor;
				CODE_SIGN_ENTITLEMENTS = InventoryDifferent/InventoryDifferent.entitlements;
				CODE_SIGN_STYLE = Automatic;
				CURRENT_PROJECT_VERSION = 1;
				DEVELOPMENT_TEAM = XLY3EERM8Z;
				GENERATE_INFOPLIST_FILE = YES;
				INFOPLIST_FILE = InventoryDifferent/Info.plist;
				INFOPLIST_KEY_UIApplicationSupportsIndirectInputEvents = YES;
				INFOPLIST_KEY_UISupportedInterfaceOrientations_iPad = "UIInterfaceOrientationPortrait UIInterfaceOrientationPortraitUpsideDown UIInterfaceOrientationLandscapeLeft UIInterfaceOrientationLandscapeRight";
				INFOPLIST_KEY_UISupportedInterfaceOrientations_iPhone = "UIInterfaceOrientationPortrait UIInterfaceOrientationLandscapeLeft UIInterfaceOrientationLandscapeRight";
				IPHONEOS_DEPLOYMENT_TARGET = 18.6;
				LD_RUNPATH_SEARCH_PATHS = (
					"$(inherited)",
					"@executable_path/Frameworks",
				);
				MARKETING_VERSION = 1.0;
				PRODUCT_BUNDLE_IDENTIFIER = com.wottle.InventoryDifferent;
				PRODUCT_NAME = "$(TARGET_NAME)";
				STRING_CATALOG_GENERATE_SYMBOLS = YES;
				SWIFT_APPROACHABLE_CONCURRENCY = YES;
				SWIFT_DEFAULT_ACTOR_ISOLATION = MainActor;
				SWIFT_EMIT_LOC_STRINGS = YES;
				SWIFT_UPCOMING_FEATURE_MEMBER_IMPORT_VISIBILITY = YES;
				SWIFT_VERSION = 5.0;
				TARGETED_DEVICE_FAMILY = "1,2";
			};
			name = Debug;
		};
		AA717CA12F31A3CB002D041E /* Release */ = {
			isa = XCBuildConfiguration;
			buildSettings = {
				ASSETCATALOG_COMPILER_APPICON_NAME = AppIcon;
				ASSETCATALOG_COMPILER_GLOBAL_ACCENT_COLOR_NAME = AccentColor;
				CODE_SIGN_ENTITLEMENTS = InventoryDifferent/InventoryDifferent.entitlements;
				CODE_SIGN_STYLE = Automatic;
				CURRENT_PROJECT_VERSION = 1;
				DEVELOPMENT_TEAM = XLY3EERM8Z;
				GENERATE_INFOPLIST_FILE = YES;
				INFOPLIST_FILE = InventoryDifferent/Info.plist;
				INFOPLIST_KEY_UIApplicationSupportsIndirectInputEvents = YES;
				INFOPLIST_KEY_UISupportedInterfaceOrientations_iPad = "UIInterfaceOrientationPortrait UIInterfaceOrientationPortraitUpsideDown UIInterfaceOrientationLandscapeLeft UIInterfaceOrientationLandscapeRight";
				INFOPLIST_KEY_UISupportedInterfaceOrientations_iPhone = "UIInterfaceOrientationPortrait UIInterfaceOrientationLandscapeLeft UIInterfaceOrientationLandscapeRight";
				IPHONEOS_DEPLOYMENT_TARGET = 18.6;
				LD_RUNPATH_SEARCH_PATHS = (
					"$(inherited)",
					"@executable_path/Frameworks",
				);
				MARKETING_VERSION = 1.0;
				PRODUCT_BUNDLE_IDENTIFIER = com.wottle.InventoryDifferent;
				PRODUCT_NAME = "$(TARGET_NAME)";
				STRING_CATALOG_GENERATE_SYMBOLS = YES;
				SWIFT_APPROACHABLE_CONCURRENCY = YES;
				SWIFT_DEFAULT_ACTOR_ISOLATION = MainActor;
				SWIFT_EMIT_LOC_STRINGS = YES;
				SWIFT_UPCOMING_FEATURE_MEMBER_IMPORT_VISIBILITY = YES;
				SWIFT_VERSION = 5.0;
				TARGETED_DEVICE_FAMILY = "1,2";
			};
			name = Release;
		};
		AA717CA22F31A3CB002D041E /* Debug */ = {
			isa = XCBuildConfiguration;
			buildSettings = {
				ALWAYS_SEARCH_USER_PATHS = NO;
				ASSETCATALOG_COMPILER_GENERATE_SWIFT_ASSET_SYMBOL_EXTENSIONS = YES;
				CLANG_ANALYZER_NONNULL = YES;
				CLANG_ANALYZER_NUMBER_OBJECT_CONVERSION = YES_AGGRESSIVE;
				CLANG_CXX_LANGUAGE_STANDARD = "gnu++20";
				CLANG_ENABLE_MODULES = YES;
				CLANG_ENABLE_OBJC_ARC = YES;
				CLANG_ENABLE_OBJC_WEAK = YES;
				CLANG_WARN_BLOCK_CAPTURE_AUTORELEASING = YES;
				CLANG_WARN_BOOL_CONVERSION = YES;
				CLANG_WARN_COMMA = YES;
				CLANG_WARN_CONSTANT_CONVERSION = YES;
				CLANG_WARN_DEPRECATED_OBJC_IMPLEMENTATIONS = YES;
				CLANG_WARN_DIRECT_OBJC_ISA_USAGE = YES_ERROR;
				CLANG_WARN_DOCUMENTATION_COMMENTS = YES;
				CLANG_WARN_EMPTY_BODY = YES;
				CLANG_WARN_ENUM_CONVERSION = YES;
				CLANG_WARN_INFINITE_RECURSION = YES;
				CLANG_WARN_INT_CONVERSION = YES;
				CLANG_WARN_NON_LITERAL_NULL_CONVERSION = YES;
				CLANG_WARN_OBJC_IMPLICIT_RETAIN_SELF = YES;
				CLANG_WARN_OBJC_LITERAL_CONVERSION = YES;
				CLANG_WARN_OBJC_ROOT_CLASS = YES_ERROR;
				CLANG_WARN_QUOTED_INCLUDE_IN_FRAMEWORK_HEADER = YES;
				CLANG_WARN_RANGE_LOOP_ANALYSIS = YES;
				CLANG_WARN_STRICT_PROTOTYPES = YES;
				CLANG_WARN_SUSPICIOUS_MOVE = YES;
				CLANG_WARN_UNGUARDED_AVAILABILITY = YES_AGGRESSIVE;
				CLANG_WARN_UNREACHABLE_CODE = YES;
				CLANG_WARN__DUPLICATE_METHOD_MATCH = YES;
				COPY_PHASE_STRIP = NO;
				DEBUG_INFORMATION_FORMAT = dwarf;
				DEVELOPMENT_TEAM = XLY3EERM8Z;
				ENABLE_STRICT_OBJC_MSGSEND = YES;
				ENABLE_TESTABILITY = YES;
				ENABLE_USER_SCRIPT_SANDBOXING = YES;
				GCC_C_LANGUAGE_STANDARD = gnu17;
				GCC_DYNAMIC_NO_PIC = NO;
				GCC_NO_COMMON_BLOCKS = YES;
				GCC_OPTIMIZATION_LEVEL = 0;
				GCC_PREPROCESSOR_DEFINITIONS = (
					"DEBUG=1",
					"$(inherited)",
				);
				GCC_WARN_64_TO_32_BIT_CONVERSION = YES;
				GCC_WARN_ABOUT_RETURN_TYPE = YES_ERROR;
				GCC_WARN_UNDECLARED_SELECTOR = YES;
				GCC_WARN_UNINITIALIZED_AUTOS = YES_AGGRESSIVE;
				GCC_WARN_UNUSED_FUNCTION = YES;
				GCC_WARN_UNUSED_VARIABLE = YES;
				IPHONEOS_DEPLOYMENT_TARGET = 26.2;
				LOCALIZATION_PREFERS_STRING_CATALOGS = YES;
				MTL_ENABLE_DEBUG_INFO = INCLUDE_SOURCE;
				MTL_FAST_MATH = YES;
				ONLY_ACTIVE_ARCH = YES;
				SDKROOT = iphoneos;
				SWIFT_ACTIVE_COMPILATION_CONDITIONS = "DEBUG $(inherited)";
				SWIFT_OPTIMIZATION_LEVEL = "-Onone";
			};
			name = Debug;
		};
		AA717CA32F31A3CB002D041E /* Release */ = {
			isa = XCBuildConfiguration;
			buildSettings = {
				ALWAYS_SEARCH_USER_PATHS = NO;
				ASSETCATALOG_COMPILER_GENERATE_SWIFT_ASSET_SYMBOL_EXTENSIONS = YES;
				CLANG_ANALYZER_NONNULL = YES;
				CLANG_ANALYZER_NUMBER_OBJECT_CONVERSION = YES_AGGRESSIVE;
				CLANG_CXX_LANGUAGE_STANDARD = "gnu++20";
				CLANG_ENABLE_MODULES = YES;
				CLANG_ENABLE_OBJC_ARC = YES;
				CLANG_ENABLE_OBJC_WEAK = YES;
				CLANG_WARN_BLOCK_CAPTURE_AUTORELEASING = YES;
				CLANG_WARN_BOOL_CONVERSION = YES;
				CLANG_WARN_COMMA = YES;
				CLANG_WARN_CONSTANT_CONVERSION = YES;
				CLANG_WARN_DEPRECATED_OBJC_IMPLEMENTATIONS = YES;
				CLANG_WARN_DIRECT_OBJC_ISA_USAGE = YES_ERROR;
				CLANG_WARN_DOCUMENTATION_COMMENTS = YES;
				CLANG_WARN_EMPTY_BODY = YES;
				CLANG_WARN_ENUM_CONVERSION = YES;
				CLANG_WARN_INFINITE_RECURSION = YES;
				CLANG_WARN_INT_CONVERSION = YES;
				CLANG_WARN_NON_LITERAL_NULL_CONVERSION = YES;
				CLANG_WARN_OBJC_IMPLICIT_RETAIN_SELF = YES;
				CLANG_WARN_OBJC_LITERAL_CONVERSION = YES;
				CLANG_WARN_OBJC_ROOT_CLASS = YES_ERROR;
				CLANG_WARN_QUOTED_INCLUDE_IN_FRAMEWORK_HEADER = YES;
				CLANG_WARN_RANGE_LOOP_ANALYSIS = YES;
				CLANG_WARN_STRICT_PROTOTYPES = YES;
				CLANG_WARN_SUSPICIOUS_MOVE = YES;
				CLANG_WARN_UNGUARDED_AVAILABILITY = YES_AGGRESSIVE;
				CLANG_WARN_UNREACHABLE_CODE = YES;
				CLANG_WARN__DUPLICATE_METHOD_MATCH = YES;
				COPY_PHASE_STRIP = NO;
				DEBUG_INFORMATION_FORMAT = "dwarf-with-dsym";
				DEVELOPMENT_TEAM = XLY3EERM8Z;
				ENABLE_NS_ASSERTIONS = NO;
				ENABLE_STRICT_OBJC_MSGSEND = YES;
				ENABLE_USER_SCRIPT_SANDBOXING = YES;
				GCC_C_LANGUAGE_STANDARD = gnu17;
				GCC_NO_COMMON_BLOCKS = YES;
				GCC_WARN_64_TO_32_BIT_CONVERSION = YES;
				GCC_WARN_ABOUT_RETURN_TYPE = YES_ERROR;
				GCC_WARN_UNDECLARED_SELECTOR = YES;
				GCC_WARN_UNINITIALIZED_AUTOS = YES_AGGRESSIVE;
				GCC_WARN_UNUSED_FUNCTION = YES;
				GCC_WARN_UNUSED_VARIABLE = YES;
				IPHONEOS_DEPLOYMENT_TARGET = 26.2;
				LOCALIZATION_PREFERS_STRING_CATALOGS = YES;
				MTL_ENABLE_DEBUG_INFO = NO;
				MTL_FAST_MATH = YES;
				SDKROOT = iphoneos;
				SWIFT_COMPILATION_MODE = wholemodule;
				VALIDATE_PRODUCT = YES;
			};
			name = Release;
		};
		AA717CA52F31A3CB002D041E /* Debug */ = {
			isa = XCBuildConfiguration;
			buildSettings = {
				BUNDLE_LOADER = "$(TEST_HOST)";
				CODE_SIGN_STYLE = Automatic;
				CURRENT_PROJECT_VERSION = 1;
				DEVELOPMENT_TEAM = XLY3EERM8Z;
				GENERATE_INFOPLIST_FILE = YES;
				IPHONEOS_DEPLOYMENT_TARGET = 26.2;
				MARKETING_VERSION = 1.0;
				PRODUCT_BUNDLE_IDENTIFIER = com.wottle.InventoryDifferentTests;
				PRODUCT_NAME = "$(TARGET_NAME)";
				STRING_CATALOG_GENERATE_SYMBOLS = NO;
				SWIFT_APPROACHABLE_CONCURRENCY = YES;
				SWIFT_EMIT_LOC_STRINGS = NO;
				SWIFT_UPCOMING_FEATURE_MEMBER_IMPORT_VISIBILITY = YES;
				SWIFT_VERSION = 5.0;
				TARGETED_DEVICE_FAMILY = "1,2";
				TEST_HOST = "$(BUILT_PRODUCTS_DIR)/InventoryDifferent.app/$(BUNDLE_EXECUTABLE_FOLDER_PATH)/InventoryDifferent";
			};
			name = Debug;
		};
		AA717CA62F31A3CB002D041E /* Release */ = {
			isa = XCBuildConfiguration;
			buildSettings = {
				BUNDLE_LOADER = "$(TEST_HOST)";
				CODE_SIGN_STYLE = Automatic;
				CURRENT_PROJECT_VERSION = 1;
				DEVELOPMENT_TEAM = XLY3EERM8Z;
				GENERATE_INFOPLIST_FILE = YES;
				IPHONEOS_DEPLOYMENT_TARGET = 26.2;
				MARKETING_VERSION = 1.0;
				PRODUCT_BUNDLE_IDENTIFIER = com.wottle.InventoryDifferentTests;
				PRODUCT_NAME = "$(TARGET_NAME)";
				STRING_CATALOG_GENERATE_SYMBOLS = NO;
				SWIFT_APPROACHABLE_CONCURRENCY = YES;
				SWIFT_EMIT_LOC_STRINGS = NO;
				SWIFT_UPCOMING_FEATURE_MEMBER_IMPORT_VISIBILITY = YES;
				SWIFT_VERSION = 5.0;
				TARGETED_DEVICE_FAMILY = "1,2";
				TEST_HOST = "$(BUILT_PRODUCTS_DIR)/InventoryDifferent.app/$(BUNDLE_EXECUTABLE_FOLDER_PATH)/InventoryDifferent";
			};
			name = Release;
		};
		AA717CA82F31A3CB002D041E /* Debug */ = {
			isa = XCBuildConfiguration;
			buildSettings = {
				CODE_SIGN_STYLE = Automatic;
				CURRENT_PROJECT_VERSION = 1;
				DEVELOPMENT_TEAM = XLY3EERM8Z;
				GENERATE_INFOPLIST_FILE = YES;
				MARKETING_VERSION = 1.0;
				PRODUCT_BUNDLE_IDENTIFIER = com.wottle.InventoryDifferentUITests;
				PRODUCT_NAME = "$(TARGET_NAME)";
				STRING_CATALOG_GENERATE_SYMBOLS = NO;
				SWIFT_APPROACHABLE_CONCURRENCY = YES;
				SWIFT_EMIT_LOC_STRINGS = NO;
				SWIFT_UPCOMING_FEATURE_MEMBER_IMPORT_VISIBILITY = YES;
				SWIFT_VERSION = 5.0;
				TARGETED_DEVICE_FAMILY = "1,2";
				TEST_TARGET_NAME = InventoryDifferent;
			};
			name = Debug;
		};
		AA717CA92F31A3CB002D041E /* Release */ = {
			isa = XCBuildConfiguration;
			buildSettings = {
				CODE_SIGN_STYLE = Automatic;
				CURRENT_PROJECT_VERSION = 1;
				DEVELOPMENT_TEAM = XLY3EERM8Z;
				GENERATE_INFOPLIST_FILE = YES;
				MARKETING_VERSION = 1.0;
				PRODUCT_BUNDLE_IDENTIFIER = com.wottle.InventoryDifferentUITests;
				PRODUCT_NAME = "$(TARGET_NAME)";
				STRING_CATALOG_GENERATE_SYMBOLS = NO;
				SWIFT_APPROACHABLE_CONCURRENCY = YES;
				SWIFT_EMIT_LOC_STRINGS = NO;
				SWIFT_UPCOMING_FEATURE_MEMBER_IMPORT_VISIBILITY = YES;
				SWIFT_VERSION = 5.0;
				TARGETED_DEVICE_FAMILY = "1,2";
				TEST_TARGET_NAME = InventoryDifferent;
			};
			name = Release;
		};
/* End XCBuildConfiguration section */

/* Begin XCConfigurationList section */
		AA717C6E2F31A3C9002D041E /* Build configuration list for PBXProject "InventoryDifferent" */ = {
			isa = XCConfigurationList;
			buildConfigurations = (
				AA717CA22F31A3CB002D041E /* Debug */,
				AA717CA32F31A3CB002D041E /* Release */,
			);
			defaultConfigurationIsVisible = 0;
			defaultConfigurationName = Release;
		};
		AA717C9F2F31A3CB002D041E /* Build configuration list for PBXNativeTarget "InventoryDifferent" */ = {
			isa = XCConfigurationList;
			buildConfigurations = (
				AA717CA02F31A3CB002D041E /* Debug */,
				AA717CA12F31A3CB002D041E /* Release */,
			);
			defaultConfigurationIsVisible = 0;
			defaultConfigurationName = Release;
		};
		AA717CA42F31A3CB002D041E /* Build configuration list for PBXNativeTarget "InventoryDifferentTests" */ = {
			isa = XCConfigurationList;
			buildConfigurations = (
				AA717CA52F31A3CB002D041E /* Debug */,
				AA717CA62F31A3CB002D041E /* Release */,
			);
			defaultConfigurationIsVisible = 0;
			defaultConfigurationName = Release;
		};
		AA717CA72F31A3CB002D041E /* Build configuration list for PBXNativeTarget "InventoryDifferentUITests" */ = {
			isa = XCConfigurationList;
			buildConfigurations = (
				AA717CA82F31A3CB002D041E /* Debug */,
				AA717CA92F31A3CB002D041E /* Release */,
			);
			defaultConfigurationIsVisible = 0;
			defaultConfigurationName = Release;
		};
/* End XCConfigurationList section */
	};
	rootObject = AA717C6B2F31A3C8002D041E /* Project object */;
}
